// !$*UTF8*$!
{
	archiveVersion = 1;
	classes = {
	};
	objectVersion = 56;
	objects = {

/* Begin PBXBuildFile section */
		55DFFC2D29906DDB00729B3D /* TranquilWatchApp.swift in Sources */ = {isa = PBXBuildFile; fileRef = 55DFFC2C29906DDB00729B3D /* TranquilWatchApp.swift */; };
		55DFFC2F29906DDB00729B3D /* WatchView.swift in Sources */ = {isa = PBXBuildFile; fileRef = 55DFFC2E29906DDB00729B3D /* WatchView.swift */; };
		55DFFC3129906DDE00729B3D /* Assets.xcassets in Resources */ = {isa = PBXBuildFile; fileRef = 55DFFC3029906DDE00729B3D /* Assets.xcassets */; };
		55DFFC3429906DDE00729B3D /* Preview Assets.xcassets in Resources */ = {isa = PBXBuildFile; fileRef = 55DFFC3329906DDE00729B3D /* Preview Assets.xcassets */; };
		55DFFC3E29906DDF00729B3D /* TranquilWatch_Watch_AppTests.swift in Sources */ = {isa = PBXBuildFile; fileRef = 55DFFC3D29906DDF00729B3D /* TranquilWatch_Watch_AppTests.swift */; };
		55DFFC4829906DDF00729B3D /* TranquilWatch_Watch_AppUITests.swift in Sources */ = {isa = PBXBuildFile; fileRef = 55DFFC4729906DDF00729B3D /* TranquilWatch_Watch_AppUITests.swift */; };
		55DFFC4A29906DDF00729B3D /* TranquilWatch_Watch_AppUITestsLaunchTests.swift in Sources */ = {isa = PBXBuildFile; fileRef = 55DFFC4929906DDF00729B3D /* TranquilWatch_Watch_AppUITestsLaunchTests.swift */; };
		55DFFC572990712100729B3D /* DataModels.xcdatamodeld in Sources */ = {isa = PBXBuildFile; fileRef = 55DFFC552990712100729B3D /* DataModels.xcdatamodeld */; };
		55DFFC582990712100729B3D /* DataModels.xcdatamodeld in Sources */ = {isa = PBXBuildFile; fileRef = 55DFFC552990712100729B3D /* DataModels.xcdatamodeld */; };
		55DFFC5A2990719500729B3D /* Persistence.swift in Sources */ = {isa = PBXBuildFile; fileRef = 55DFFC592990719500729B3D /* Persistence.swift */; };
		55DFFC5B2990719500729B3D /* Persistence.swift in Sources */ = {isa = PBXBuildFile; fileRef = 55DFFC592990719500729B3D /* Persistence.swift */; };
		9F4423A4297BB28200E87DF2 /* AppDelegate.swift in Sources */ = {isa = PBXBuildFile; fileRef = 9F4423A3297BB28200E87DF2 /* AppDelegate.swift */; };
		9F4423A8297BB28200E87DF2 /* ViewController.swift in Sources */ = {isa = PBXBuildFile; fileRef = 9F4423A7297BB28200E87DF2 /* ViewController.swift */; };
		9F4423AB297BB28200E87DF2 /* Main.storyboard in Resources */ = {isa = PBXBuildFile; fileRef = 9F4423A9297BB28200E87DF2 /* Main.storyboard */; };
		9F4423AD297BB28300E87DF2 /* Assets.xcassets in Resources */ = {isa = PBXBuildFile; fileRef = 9F4423AC297BB28300E87DF2 /* Assets.xcassets */; };
		9F4423B0297BB28300E87DF2 /* LaunchScreen.storyboard in Resources */ = {isa = PBXBuildFile; fileRef = 9F4423AE297BB28300E87DF2 /* LaunchScreen.storyboard */; };
		9F4423BB297BB28300E87DF2 /* TranquilAppTests.swift in Sources */ = {isa = PBXBuildFile; fileRef = 9F4423BA297BB28300E87DF2 /* TranquilAppTests.swift */; };
		9F4423C5297BB28300E87DF2 /* TranquilAppUITests.swift in Sources */ = {isa = PBXBuildFile; fileRef = 9F4423C4297BB28300E87DF2 /* TranquilAppUITests.swift */; };
		9F4423C7297BB28300E87DF2 /* TranquilAppUITestsLaunchTests.swift in Sources */ = {isa = PBXBuildFile; fileRef = 9F4423C6297BB28300E87DF2 /* TranquilAppUITestsLaunchTests.swift */; };
		9F4423D5297BB3B200E87DF2 /* BreathingViewController.swift in Sources */ = {isa = PBXBuildFile; fileRef = 9F4423D4297BB3B200E87DF2 /* BreathingViewController.swift */; };
		9F4423D7297BB3F400E87DF2 /* NotificationViewController.swift in Sources */ = {isa = PBXBuildFile; fileRef = 9F4423D6297BB3F400E87DF2 /* NotificationViewController.swift */; };
		9F4423DE297BB87D00E87DF2 /* HistoryViewController.swift in Sources */ = {isa = PBXBuildFile; fileRef = 9F4423DD297BB87D00E87DF2 /* HistoryViewController.swift */; };
		9F4423E0297BB88C00E87DF2 /* AIChatbotViewController.swift in Sources */ = {isa = PBXBuildFile; fileRef = 9F4423DF297BB88C00E87DF2 /* AIChatbotViewController.swift */; };
		9F4423E2297BB89B00E87DF2 /* JournalViewController.swift in Sources */ = {isa = PBXBuildFile; fileRef = 9F4423E1297BB89B00E87DF2 /* JournalViewController.swift */; };
		9F4423E6297BC41B00E87DF2 /* HistoryView.swift in Sources */ = {isa = PBXBuildFile; fileRef = 9F4423E5297BC41B00E87DF2 /* HistoryView.swift */; };
		9F4423E8297BC63400E87DF2 /* AIChatbotView.swift in Sources */ = {isa = PBXBuildFile; fileRef = 9F4423E7297BC63400E87DF2 /* AIChatbotView.swift */; };
		9F4423EA297BC67900E87DF2 /* BotResponse.swift in Sources */ = {isa = PBXBuildFile; fileRef = 9F4423E9297BC67900E87DF2 /* BotResponse.swift */; };
		9FD70A4E29820E3D0078AA30 /* PageView.swift in Sources */ = {isa = PBXBuildFile; fileRef = 9FD70A4D29820E3D0078AA30 /* PageView.swift */; };
		9FD70A5029820E510078AA30 /* PageViewController.swift in Sources */ = {isa = PBXBuildFile; fileRef = 9FD70A4F29820E510078AA30 /* PageViewController.swift */; };
		9FD70A5229820E6B0078AA30 /* PageControl.swift in Sources */ = {isa = PBXBuildFile; fileRef = 9FD70A5129820E6B0078AA30 /* PageControl.swift */; };
		9FD70A5729820EAB0078AA30 /* Landmark.swift in Sources */ = {isa = PBXBuildFile; fileRef = 9FD70A5629820EAB0078AA30 /* Landmark.swift */; };
		9FD70A5A29820EF10078AA30 /* Session.swift in Sources */ = {isa = PBXBuildFile; fileRef = 9FD70A5929820EF10078AA30 /* Session.swift */; };
		9FD70A5F2988948D0078AA30 /* ExerciseModelData.swift in Sources */ = {isa = PBXBuildFile; fileRef = 9FD70A5E2988948D0078AA30 /* ExerciseModelData.swift */; };
		B38186C52980C4300083A4ED /* Helper.swift in Sources */ = {isa = PBXBuildFile; fileRef = B38186C42980C4300083A4ED /* Helper.swift */; };
		B38186CB2980C4FC0083A4ED /* SceneDelegate.swift in Sources */ = {isa = PBXBuildFile; fileRef = B38186CA2980C4FC0083A4ED /* SceneDelegate.swift */; };
		B38186CD2980C5200083A4ED /* MultiLineTextField.swift in Sources */ = {isa = PBXBuildFile; fileRef = B38186CC2980C5200083A4ED /* MultiLineTextField.swift */; };
		B3CF27082980C5C9002EF9F9 /* EntryModelController.swift in Sources */ = {isa = PBXBuildFile; fileRef = B3CF27072980C5C9002EF9F9 /* EntryModelController.swift */; };
		B3CF270A2980C653002EF9F9 /* AddEntryView.swift in Sources */ = {isa = PBXBuildFile; fileRef = B3CF27092980C653002EF9F9 /* AddEntryView.swift */; };
		B3CF270C2980C677002EF9F9 /* CalendarView.swift in Sources */ = {isa = PBXBuildFile; fileRef = B3CF270B2980C677002EF9F9 /* CalendarView.swift */; };
		B3CF270E2980C697002EF9F9 /* ContentView.swift in Sources */ = {isa = PBXBuildFile; fileRef = B3CF270D2980C697002EF9F9 /* ContentView.swift */; };
		B3CF27102980C6AE002EF9F9 /* DayCellView.swift in Sources */ = {isa = PBXBuildFile; fileRef = B3CF270F2980C6AE002EF9F9 /* DayCellView.swift */; };
		B3CF27122980C6C8002EF9F9 /* GridStack.swift in Sources */ = {isa = PBXBuildFile; fileRef = B3CF27112980C6C8002EF9F9 /* GridStack.swift */; };
		B3CF27142980C6E6002EF9F9 /* HomeView.swift in Sources */ = {isa = PBXBuildFile; fileRef = B3CF27132980C6E6002EF9F9 /* HomeView.swift */; };
		B3CF27162980C6FA002EF9F9 /* MonthView.swift in Sources */ = {isa = PBXBuildFile; fileRef = B3CF27152980C6FA002EF9F9 /* MonthView.swift */; };
		B3CF27182980C710002EF9F9 /* EntryRowView.swift in Sources */ = {isa = PBXBuildFile; fileRef = B3CF27172980C710002EF9F9 /* EntryRowView.swift */; };
		B3CF271A2980C737002EF9F9 /* WeekdaysView.swift in Sources */ = {isa = PBXBuildFile; fileRef = B3CF27192980C737002EF9F9 /* WeekdaysView.swift */; };
		B3CF271C2980C767002EF9F9 /* Colors.swift in Sources */ = {isa = PBXBuildFile; fileRef = B3CF271B2980C767002EF9F9 /* Colors.swift */; };
		B3CF271E2980C785002EF9F9 /* Day.swift in Sources */ = {isa = PBXBuildFile; fileRef = B3CF271D2980C785002EF9F9 /* Day.swift */; };
		B3CF27202980C7A8002EF9F9 /* Month.swift in Sources */ = {isa = PBXBuildFile; fileRef = B3CF271F2980C7A8002EF9F9 /* Month.swift */; };
		B3CF27222980C7C6002EF9F9 /* Entry.swift in Sources */ = {isa = PBXBuildFile; fileRef = B3CF27212980C7C6002EF9F9 /* Entry.swift */; };
		F30BC473297F6D0200E340C1 /* SwiftPieChart in Frameworks */ = {isa = PBXBuildFile; productRef = F30BC472297F6D0200E340C1 /* SwiftPieChart */; };
/* End PBXBuildFile section */

/* Begin PBXContainerItemProxy section */
		55DFFC3A29906DDE00729B3D /* PBXContainerItemProxy */ = {
			isa = PBXContainerItemProxy;
			containerPortal = 9F442398297BB28200E87DF2 /* Project object */;
			proxyType = 1;
			remoteGlobalIDString = 55DFFC2929906DDB00729B3D;
			remoteInfo = "TranquilWatch Watch App";
		};
		55DFFC4429906DDF00729B3D /* PBXContainerItemProxy */ = {
			isa = PBXContainerItemProxy;
			containerPortal = 9F442398297BB28200E87DF2 /* Project object */;
			proxyType = 1;
			remoteGlobalIDString = 55DFFC2929906DDB00729B3D;
			remoteInfo = "TranquilWatch Watch App";
		};
		9F4423B7297BB28300E87DF2 /* PBXContainerItemProxy */ = {
			isa = PBXContainerItemProxy;
			containerPortal = 9F442398297BB28200E87DF2 /* Project object */;
			proxyType = 1;
			remoteGlobalIDString = 9F44239F297BB28200E87DF2;
			remoteInfo = TranquilApp;
		};
		9F4423C1297BB28300E87DF2 /* PBXContainerItemProxy */ = {
			isa = PBXContainerItemProxy;
			containerPortal = 9F442398297BB28200E87DF2 /* Project object */;
			proxyType = 1;
			remoteGlobalIDString = 9F44239F297BB28200E87DF2;
			remoteInfo = TranquilApp;
		};
/* End PBXContainerItemProxy section */

/* Begin PBXFileReference section */
		55DFFC2A29906DDB00729B3D /* TranquilWatch Watch App.app */ = {isa = PBXFileReference; explicitFileType = wrapper.application; includeInIndex = 0; path = "TranquilWatch Watch App.app"; sourceTree = BUILT_PRODUCTS_DIR; };
		55DFFC2C29906DDB00729B3D /* TranquilWatchApp.swift */ = {isa = PBXFileReference; lastKnownFileType = sourcecode.swift; path = TranquilWatchApp.swift; sourceTree = "<group>"; };
		55DFFC2E29906DDB00729B3D /* WatchView.swift */ = {isa = PBXFileReference; lastKnownFileType = sourcecode.swift; path = WatchView.swift; sourceTree = "<group>"; };
		55DFFC3029906DDE00729B3D /* Assets.xcassets */ = {isa = PBXFileReference; lastKnownFileType = folder.assetcatalog; path = Assets.xcassets; sourceTree = "<group>"; };
		55DFFC3329906DDE00729B3D /* Preview Assets.xcassets */ = {isa = PBXFileReference; lastKnownFileType = folder.assetcatalog; path = "Preview Assets.xcassets"; sourceTree = "<group>"; };
		55DFFC3929906DDE00729B3D /* TranquilWatch Watch AppTests.xctest */ = {isa = PBXFileReference; explicitFileType = wrapper.cfbundle; includeInIndex = 0; path = "TranquilWatch Watch AppTests.xctest"; sourceTree = BUILT_PRODUCTS_DIR; };
		55DFFC3D29906DDF00729B3D /* TranquilWatch_Watch_AppTests.swift */ = {isa = PBXFileReference; lastKnownFileType = sourcecode.swift; path = TranquilWatch_Watch_AppTests.swift; sourceTree = "<group>"; };
		55DFFC4329906DDF00729B3D /* TranquilWatch Watch AppUITests.xctest */ = {isa = PBXFileReference; explicitFileType = wrapper.cfbundle; includeInIndex = 0; path = "TranquilWatch Watch AppUITests.xctest"; sourceTree = BUILT_PRODUCTS_DIR; };
		55DFFC4729906DDF00729B3D /* TranquilWatch_Watch_AppUITests.swift */ = {isa = PBXFileReference; lastKnownFileType = sourcecode.swift; path = TranquilWatch_Watch_AppUITests.swift; sourceTree = "<group>"; };
		55DFFC4929906DDF00729B3D /* TranquilWatch_Watch_AppUITestsLaunchTests.swift */ = {isa = PBXFileReference; lastKnownFileType = sourcecode.swift; path = TranquilWatch_Watch_AppUITestsLaunchTests.swift; sourceTree = "<group>"; };
		55DFFC5429906E4800729B3D /* TranquilWatch Watch App.entitlements */ = {isa = PBXFileReference; lastKnownFileType = text.plist.entitlements; path = "TranquilWatch Watch App.entitlements"; sourceTree = "<group>"; };
		55DFFC562990712100729B3D /* DataModels.xcdatamodel */ = {isa = PBXFileReference; lastKnownFileType = wrapper.xcdatamodel; path = DataModels.xcdatamodel; sourceTree = "<group>"; };
		55DFFC592990719500729B3D /* Persistence.swift */ = {isa = PBXFileReference; lastKnownFileType = sourcecode.swift; path = Persistence.swift; sourceTree = "<group>"; };
		55DFFC5C299078AA00729B3D /* TranquilWatch-Watch-App-Info.plist */ = {isa = PBXFileReference; lastKnownFileType = text.plist; path = "TranquilWatch-Watch-App-Info.plist"; sourceTree = SOURCE_ROOT; };
		55DFFC5D2990795C00729B3D /* TranquilApp.entitlements */ = {isa = PBXFileReference; lastKnownFileType = text.plist.entitlements; path = TranquilApp.entitlements; sourceTree = "<group>"; };
		9F4423A0297BB28200E87DF2 /* TranquilApp.app */ = {isa = PBXFileReference; explicitFileType = wrapper.application; includeInIndex = 0; path = TranquilApp.app; sourceTree = BUILT_PRODUCTS_DIR; };
		9F4423A3297BB28200E87DF2 /* AppDelegate.swift */ = {isa = PBXFileReference; lastKnownFileType = sourcecode.swift; path = AppDelegate.swift; sourceTree = "<group>"; };
		9F4423A7297BB28200E87DF2 /* ViewController.swift */ = {isa = PBXFileReference; lastKnownFileType = sourcecode.swift; path = ViewController.swift; sourceTree = "<group>"; };
		9F4423AA297BB28200E87DF2 /* Base */ = {isa = PBXFileReference; lastKnownFileType = file.storyboard; name = Base; path = Base.lproj/Main.storyboard; sourceTree = "<group>"; };
		9F4423AC297BB28300E87DF2 /* Assets.xcassets */ = {isa = PBXFileReference; lastKnownFileType = folder.assetcatalog; path = Assets.xcassets; sourceTree = "<group>"; };
		9F4423AF297BB28300E87DF2 /* Base */ = {isa = PBXFileReference; lastKnownFileType = file.storyboard; name = Base; path = Base.lproj/LaunchScreen.storyboard; sourceTree = "<group>"; };
		9F4423B1297BB28300E87DF2 /* Info.plist */ = {isa = PBXFileReference; lastKnownFileType = text.plist.xml; path = Info.plist; sourceTree = "<group>"; };
		9F4423B6297BB28300E87DF2 /* TranquilAppTests.xctest */ = {isa = PBXFileReference; explicitFileType = wrapper.cfbundle; includeInIndex = 0; path = TranquilAppTests.xctest; sourceTree = BUILT_PRODUCTS_DIR; };
		9F4423BA297BB28300E87DF2 /* TranquilAppTests.swift */ = {isa = PBXFileReference; lastKnownFileType = sourcecode.swift; path = TranquilAppTests.swift; sourceTree = "<group>"; };
		9F4423C0297BB28300E87DF2 /* TranquilAppUITests.xctest */ = {isa = PBXFileReference; explicitFileType = wrapper.cfbundle; includeInIndex = 0; path = TranquilAppUITests.xctest; sourceTree = BUILT_PRODUCTS_DIR; };
		9F4423C4297BB28300E87DF2 /* TranquilAppUITests.swift */ = {isa = PBXFileReference; lastKnownFileType = sourcecode.swift; path = TranquilAppUITests.swift; sourceTree = "<group>"; };
		9F4423C6297BB28300E87DF2 /* TranquilAppUITestsLaunchTests.swift */ = {isa = PBXFileReference; lastKnownFileType = sourcecode.swift; path = TranquilAppUITestsLaunchTests.swift; sourceTree = "<group>"; };
		9F4423D4297BB3B200E87DF2 /* BreathingViewController.swift */ = {isa = PBXFileReference; lastKnownFileType = sourcecode.swift; path = BreathingViewController.swift; sourceTree = "<group>"; };
		9F4423D6297BB3F400E87DF2 /* NotificationViewController.swift */ = {isa = PBXFileReference; lastKnownFileType = sourcecode.swift; path = NotificationViewController.swift; sourceTree = "<group>"; };
		9F4423DD297BB87D00E87DF2 /* HistoryViewController.swift */ = {isa = PBXFileReference; lastKnownFileType = sourcecode.swift; path = HistoryViewController.swift; sourceTree = "<group>"; };
		9F4423DF297BB88C00E87DF2 /* AIChatbotViewController.swift */ = {isa = PBXFileReference; lastKnownFileType = sourcecode.swift; path = AIChatbotViewController.swift; sourceTree = "<group>"; };
		9F4423E1297BB89B00E87DF2 /* JournalViewController.swift */ = {isa = PBXFileReference; lastKnownFileType = sourcecode.swift; path = JournalViewController.swift; sourceTree = "<group>"; };
		9F4423E5297BC41B00E87DF2 /* HistoryView.swift */ = {isa = PBXFileReference; lastKnownFileType = sourcecode.swift; path = HistoryView.swift; sourceTree = "<group>"; };
		9F4423E7297BC63400E87DF2 /* AIChatbotView.swift */ = {isa = PBXFileReference; lastKnownFileType = sourcecode.swift; path = AIChatbotView.swift; sourceTree = "<group>"; };
		9F4423E9297BC67900E87DF2 /* BotResponse.swift */ = {isa = PBXFileReference; lastKnownFileType = sourcecode.swift; path = BotResponse.swift; sourceTree = "<group>"; };
		9FD70A4D29820E3D0078AA30 /* PageView.swift */ = {isa = PBXFileReference; lastKnownFileType = sourcecode.swift; path = PageView.swift; sourceTree = "<group>"; };
		9FD70A4F29820E510078AA30 /* PageViewController.swift */ = {isa = PBXFileReference; lastKnownFileType = sourcecode.swift; path = PageViewController.swift; sourceTree = "<group>"; };
		9FD70A5129820E6B0078AA30 /* PageControl.swift */ = {isa = PBXFileReference; lastKnownFileType = sourcecode.swift; path = PageControl.swift; sourceTree = "<group>"; };
		9FD70A5629820EAB0078AA30 /* Landmark.swift */ = {isa = PBXFileReference; lastKnownFileType = sourcecode.swift; path = Landmark.swift; sourceTree = "<group>"; };
		9FD70A5829820EDB0078AA30 /* landmarkData.geojson */ = {isa = PBXFileReference; lastKnownFileType = text; path = landmarkData.geojson; sourceTree = "<group>"; };
		9FD70A5929820EF10078AA30 /* Session.swift */ = {isa = PBXFileReference; lastKnownFileType = sourcecode.swift; path = Session.swift; sourceTree = "<group>"; };
		9FD70A5D298894360078AA30 /* exercisesData.geojson */ = {isa = PBXFileReference; lastKnownFileType = text; path = exercisesData.geojson; sourceTree = "<group>"; };
		9FD70A5E2988948D0078AA30 /* ExerciseModelData.swift */ = {isa = PBXFileReference; lastKnownFileType = sourcecode.swift; path = ExerciseModelData.swift; sourceTree = "<group>"; };
		B38186C42980C4300083A4ED /* Helper.swift */ = {isa = PBXFileReference; lastKnownFileType = sourcecode.swift; path = Helper.swift; sourceTree = "<group>"; };
		B38186CA2980C4FC0083A4ED /* SceneDelegate.swift */ = {isa = PBXFileReference; fileEncoding = 4; lastKnownFileType = sourcecode.swift; path = SceneDelegate.swift; sourceTree = "<group>"; };
		B38186CC2980C5200083A4ED /* MultiLineTextField.swift */ = {isa = PBXFileReference; lastKnownFileType = sourcecode.swift; path = MultiLineTextField.swift; sourceTree = "<group>"; };
		B3CF27072980C5C9002EF9F9 /* EntryModelController.swift */ = {isa = PBXFileReference; lastKnownFileType = sourcecode.swift; path = EntryModelController.swift; sourceTree = "<group>"; };
		B3CF27092980C653002EF9F9 /* AddEntryView.swift */ = {isa = PBXFileReference; lastKnownFileType = sourcecode.swift; path = AddEntryView.swift; sourceTree = "<group>"; };
		B3CF270B2980C677002EF9F9 /* CalendarView.swift */ = {isa = PBXFileReference; lastKnownFileType = sourcecode.swift; path = CalendarView.swift; sourceTree = "<group>"; };
		B3CF270D2980C697002EF9F9 /* ContentView.swift */ = {isa = PBXFileReference; lastKnownFileType = sourcecode.swift; path = ContentView.swift; sourceTree = "<group>"; };
		B3CF270F2980C6AE002EF9F9 /* DayCellView.swift */ = {isa = PBXFileReference; lastKnownFileType = sourcecode.swift; path = DayCellView.swift; sourceTree = "<group>"; };
		B3CF27112980C6C8002EF9F9 /* GridStack.swift */ = {isa = PBXFileReference; lastKnownFileType = sourcecode.swift; path = GridStack.swift; sourceTree = "<group>"; };
		B3CF27132980C6E6002EF9F9 /* HomeView.swift */ = {isa = PBXFileReference; lastKnownFileType = sourcecode.swift; path = HomeView.swift; sourceTree = "<group>"; };
		B3CF27152980C6FA002EF9F9 /* MonthView.swift */ = {isa = PBXFileReference; lastKnownFileType = sourcecode.swift; path = MonthView.swift; sourceTree = "<group>"; };
		B3CF27172980C710002EF9F9 /* EntryRowView.swift */ = {isa = PBXFileReference; lastKnownFileType = sourcecode.swift; path = EntryRowView.swift; sourceTree = "<group>"; };
		B3CF27192980C737002EF9F9 /* WeekdaysView.swift */ = {isa = PBXFileReference; lastKnownFileType = sourcecode.swift; path = WeekdaysView.swift; sourceTree = "<group>"; };
		B3CF271B2980C767002EF9F9 /* Colors.swift */ = {isa = PBXFileReference; lastKnownFileType = sourcecode.swift; path = Colors.swift; sourceTree = "<group>"; };
		B3CF271D2980C785002EF9F9 /* Day.swift */ = {isa = PBXFileReference; lastKnownFileType = sourcecode.swift; path = Day.swift; sourceTree = "<group>"; };
		B3CF271F2980C7A8002EF9F9 /* Month.swift */ = {isa = PBXFileReference; lastKnownFileType = sourcecode.swift; path = Month.swift; sourceTree = "<group>"; };
		B3CF27212980C7C6002EF9F9 /* Entry.swift */ = {isa = PBXFileReference; lastKnownFileType = sourcecode.swift; path = Entry.swift; sourceTree = "<group>"; };
/* End PBXFileReference section */

/* Begin PBXFrameworksBuildPhase section */
		55DFFC2729906DDB00729B3D /* Frameworks */ = {
			isa = PBXFrameworksBuildPhase;
			buildActionMask = 2147483647;
			files = (
			);
			runOnlyForDeploymentPostprocessing = 0;
		};
		55DFFC3629906DDE00729B3D /* Frameworks */ = {
			isa = PBXFrameworksBuildPhase;
			buildActionMask = 2147483647;
			files = (
			);
			runOnlyForDeploymentPostprocessing = 0;
		};
		55DFFC4029906DDF00729B3D /* Frameworks */ = {
			isa = PBXFrameworksBuildPhase;
			buildActionMask = 2147483647;
			files = (
			);
			runOnlyForDeploymentPostprocessing = 0;
		};
		9F44239D297BB28200E87DF2 /* Frameworks */ = {
			isa = PBXFrameworksBuildPhase;
			buildActionMask = 2147483647;
			files = (
				F30BC473297F6D0200E340C1 /* SwiftPieChart in Frameworks */,
			);
			runOnlyForDeploymentPostprocessing = 0;
		};
		9F4423B3297BB28300E87DF2 /* Frameworks */ = {
			isa = PBXFrameworksBuildPhase;
			buildActionMask = 2147483647;
			files = (
			);
			runOnlyForDeploymentPostprocessing = 0;
		};
		9F4423BD297BB28300E87DF2 /* Frameworks */ = {
			isa = PBXFrameworksBuildPhase;
			buildActionMask = 2147483647;
			files = (
			);
			runOnlyForDeploymentPostprocessing = 0;
		};
/* End PBXFrameworksBuildPhase section */

/* Begin PBXGroup section */
		55DFFC2B29906DDB00729B3D /* TranquilWatch Watch App */ = {
			isa = PBXGroup;
			children = (
				55DFFC5C299078AA00729B3D /* TranquilWatch-Watch-App-Info.plist */,
				55DFFC5429906E4800729B3D /* TranquilWatch Watch App.entitlements */,
				55DFFC2C29906DDB00729B3D /* TranquilWatchApp.swift */,
				55DFFC2E29906DDB00729B3D /* WatchView.swift */,
				55DFFC3029906DDE00729B3D /* Assets.xcassets */,
				55DFFC3229906DDE00729B3D /* Preview Content */,
			);
			path = "TranquilWatch Watch App";
			sourceTree = "<group>";
		};
		55DFFC3229906DDE00729B3D /* Preview Content */ = {
			isa = PBXGroup;
			children = (
				55DFFC3329906DDE00729B3D /* Preview Assets.xcassets */,
			);
			path = "Preview Content";
			sourceTree = "<group>";
		};
		55DFFC3C29906DDF00729B3D /* TranquilWatch Watch AppTests */ = {
			isa = PBXGroup;
			children = (
				55DFFC3D29906DDF00729B3D /* TranquilWatch_Watch_AppTests.swift */,
			);
			path = "TranquilWatch Watch AppTests";
			sourceTree = "<group>";
		};
		55DFFC4629906DDF00729B3D /* TranquilWatch Watch AppUITests */ = {
			isa = PBXGroup;
			children = (
				55DFFC4729906DDF00729B3D /* TranquilWatch_Watch_AppUITests.swift */,
				55DFFC4929906DDF00729B3D /* TranquilWatch_Watch_AppUITestsLaunchTests.swift */,
			);
			path = "TranquilWatch Watch AppUITests";
			sourceTree = "<group>";
		};
		9F442397297BB28200E87DF2 = {
			isa = PBXGroup;
			children = (
				55DFFC552990712100729B3D /* DataModels.xcdatamodeld */,
				55DFFC592990719500729B3D /* Persistence.swift */,
				9F4423A2297BB28200E87DF2 /* TranquilApp */,
				9F4423B9297BB28300E87DF2 /* TranquilAppTests */,
				9F4423C3297BB28300E87DF2 /* TranquilAppUITests */,
				55DFFC2B29906DDB00729B3D /* TranquilWatch Watch App */,
				55DFFC3C29906DDF00729B3D /* TranquilWatch Watch AppTests */,
				55DFFC4629906DDF00729B3D /* TranquilWatch Watch AppUITests */,
				9F4423A1297BB28200E87DF2 /* Products */,
			);
			sourceTree = "<group>";
		};
		9F4423A1297BB28200E87DF2 /* Products */ = {
			isa = PBXGroup;
			children = (
				9F4423A0297BB28200E87DF2 /* TranquilApp.app */,
				9F4423B6297BB28300E87DF2 /* TranquilAppTests.xctest */,
				9F4423C0297BB28300E87DF2 /* TranquilAppUITests.xctest */,
				55DFFC2A29906DDB00729B3D /* TranquilWatch Watch App.app */,
				55DFFC3929906DDE00729B3D /* TranquilWatch Watch AppTests.xctest */,
				55DFFC4329906DDF00729B3D /* TranquilWatch Watch AppUITests.xctest */,
			);
			name = Products;
			sourceTree = "<group>";
		};
		9F4423A2297BB28200E87DF2 /* TranquilApp */ = {
			isa = PBXGroup;
			children = (
				55DFFC5D2990795C00729B3D /* TranquilApp.entitlements */,
				B38186B32980B54B0083A4ED /* Model */,
				9F4423A3297BB28200E87DF2 /* AppDelegate.swift */,
				B38186CC2980C5200083A4ED /* MultiLineTextField.swift */,
				B38186CA2980C4FC0083A4ED /* SceneDelegate.swift */,
				B38186C42980C4300083A4ED /* Helper.swift */,
				9F4423D3297BB38D00E87DF2 /* ViewControllers */,
				9F4423D8297BB40E00E87DF2 /* Views */,
				9FD70A5329820E780078AA30 /* Pages */,
				9F4423E9297BC67900E87DF2 /* BotResponse.swift */,
				9F4423A9297BB28200E87DF2 /* Main.storyboard */,
				9F4423AC297BB28300E87DF2 /* Assets.xcassets */,
				9F4423AE297BB28300E87DF2 /* LaunchScreen.storyboard */,
				9F4423B1297BB28300E87DF2 /* Info.plist */,
			);
			path = TranquilApp;
			sourceTree = "<group>";
		};
		9F4423B9297BB28300E87DF2 /* TranquilAppTests */ = {
			isa = PBXGroup;
			children = (
				9F4423BA297BB28300E87DF2 /* TranquilAppTests.swift */,
			);
			path = TranquilAppTests;
			sourceTree = "<group>";
		};
		9F4423C3297BB28300E87DF2 /* TranquilAppUITests */ = {
			isa = PBXGroup;
			children = (
				9F4423C4297BB28300E87DF2 /* TranquilAppUITests.swift */,
				9F4423C6297BB28300E87DF2 /* TranquilAppUITestsLaunchTests.swift */,
			);
			path = TranquilAppUITests;
			sourceTree = "<group>";
		};
		9F4423D3297BB38D00E87DF2 /* ViewControllers */ = {
			isa = PBXGroup;
			children = (
				9F4423A7297BB28200E87DF2 /* ViewController.swift */,
				9F4423D4297BB3B200E87DF2 /* BreathingViewController.swift */,
				9F4423DD297BB87D00E87DF2 /* HistoryViewController.swift */,
				9F4423DF297BB88C00E87DF2 /* AIChatbotViewController.swift */,
				9F4423E1297BB89B00E87DF2 /* JournalViewController.swift */,
				9F4423D6297BB3F400E87DF2 /* NotificationViewController.swift */,
				B3CF27072980C5C9002EF9F9 /* EntryModelController.swift */,
			);
			path = ViewControllers;
			sourceTree = "<group>";
		};
		9F4423D8297BB40E00E87DF2 /* Views */ = {
			isa = PBXGroup;
			children = (
				B3CF27092980C653002EF9F9 /* AddEntryView.swift */,
				B3CF270B2980C677002EF9F9 /* CalendarView.swift */,
				B3CF270D2980C697002EF9F9 /* ContentView.swift */,
				B3CF270F2980C6AE002EF9F9 /* DayCellView.swift */,
				B3CF27112980C6C8002EF9F9 /* GridStack.swift */,
				B3CF27132980C6E6002EF9F9 /* HomeView.swift */,
				B3CF27152980C6FA002EF9F9 /* MonthView.swift */,
				B3CF27172980C710002EF9F9 /* EntryRowView.swift */,
				B3CF27192980C737002EF9F9 /* WeekdaysView.swift */,
				9F4423E5297BC41B00E87DF2 /* HistoryView.swift */,
				9F4423E7297BC63400E87DF2 /* AIChatbotView.swift */,
			);
			path = Views;
			sourceTree = "<group>";
		};
		9FD70A5329820E780078AA30 /* Pages */ = {
			isa = PBXGroup;
			children = (
				9FD70A4F29820E510078AA30 /* PageViewController.swift */,
				9FD70A4D29820E3D0078AA30 /* PageView.swift */,
				9FD70A5129820E6B0078AA30 /* PageControl.swift */,
				9FD70A5629820EAB0078AA30 /* Landmark.swift */,
				9FD70A5829820EDB0078AA30 /* landmarkData.geojson */,
				9FD70A5D298894360078AA30 /* exercisesData.geojson */,
				9FD70A5929820EF10078AA30 /* Session.swift */,
				9FD70A5E2988948D0078AA30 /* ExerciseModelData.swift */,
			);
			path = Pages;
			sourceTree = "<group>";
		};
		B38186B32980B54B0083A4ED /* Model */ = {
			isa = PBXGroup;
			children = (
				B3CF271B2980C767002EF9F9 /* Colors.swift */,
				B3CF271D2980C785002EF9F9 /* Day.swift */,
				B3CF271F2980C7A8002EF9F9 /* Month.swift */,
				B3CF27212980C7C6002EF9F9 /* Entry.swift */,
			);
			path = Model;
			sourceTree = "<group>";
		};
/* End PBXGroup section */

/* Begin PBXNativeTarget section */
		55DFFC2929906DDB00729B3D /* TranquilWatch Watch App */ = {
			isa = PBXNativeTarget;
			buildConfigurationList = 55DFFC5129906DDF00729B3D /* Build configuration list for PBXNativeTarget "TranquilWatch Watch App" */;
			buildPhases = (
				55DFFC2629906DDB00729B3D /* Sources */,
				55DFFC2729906DDB00729B3D /* Frameworks */,
				55DFFC2829906DDB00729B3D /* Resources */,
			);
			buildRules = (
			);
			dependencies = (
			);
			name = "TranquilWatch Watch App";
			productName = "TranquilWatch Watch App";
			productReference = 55DFFC2A29906DDB00729B3D /* TranquilWatch Watch App.app */;
			productType = "com.apple.product-type.application";
		};
		55DFFC3829906DDE00729B3D /* TranquilWatch Watch AppTests */ = {
			isa = PBXNativeTarget;
			buildConfigurationList = 55DFFC5229906DDF00729B3D /* Build configuration list for PBXNativeTarget "TranquilWatch Watch AppTests" */;
			buildPhases = (
				55DFFC3529906DDE00729B3D /* Sources */,
				55DFFC3629906DDE00729B3D /* Frameworks */,
				55DFFC3729906DDE00729B3D /* Resources */,
			);
			buildRules = (
			);
			dependencies = (
				55DFFC3B29906DDE00729B3D /* PBXTargetDependency */,
			);
			name = "TranquilWatch Watch AppTests";
			productName = "TranquilWatch Watch AppTests";
			productReference = 55DFFC3929906DDE00729B3D /* TranquilWatch Watch AppTests.xctest */;
			productType = "com.apple.product-type.bundle.unit-test";
		};
		55DFFC4229906DDF00729B3D /* TranquilWatch Watch AppUITests */ = {
			isa = PBXNativeTarget;
			buildConfigurationList = 55DFFC5329906DDF00729B3D /* Build configuration list for PBXNativeTarget "TranquilWatch Watch AppUITests" */;
			buildPhases = (
				55DFFC3F29906DDF00729B3D /* Sources */,
				55DFFC4029906DDF00729B3D /* Frameworks */,
				55DFFC4129906DDF00729B3D /* Resources */,
			);
			buildRules = (
			);
			dependencies = (
				55DFFC4529906DDF00729B3D /* PBXTargetDependency */,
			);
			name = "TranquilWatch Watch AppUITests";
			productName = "TranquilWatch Watch AppUITests";
			productReference = 55DFFC4329906DDF00729B3D /* TranquilWatch Watch AppUITests.xctest */;
			productType = "com.apple.product-type.bundle.ui-testing";
		};
		9F44239F297BB28200E87DF2 /* TranquilApp */ = {
			isa = PBXNativeTarget;
			buildConfigurationList = 9F4423CA297BB28300E87DF2 /* Build configuration list for PBXNativeTarget "TranquilApp" */;
			buildPhases = (
				9F44239C297BB28200E87DF2 /* Sources */,
				9F44239D297BB28200E87DF2 /* Frameworks */,
				9F44239E297BB28200E87DF2 /* Resources */,
			);
			buildRules = (
			);
			dependencies = (
			);
			name = TranquilApp;
			packageProductDependencies = (
				F30BC472297F6D0200E340C1 /* SwiftPieChart */,
			);
			productName = TranquilApp;
			productReference = 9F4423A0297BB28200E87DF2 /* TranquilApp.app */;
			productType = "com.apple.product-type.application";
		};
		9F4423B5297BB28300E87DF2 /* TranquilAppTests */ = {
			isa = PBXNativeTarget;
			buildConfigurationList = 9F4423CD297BB28300E87DF2 /* Build configuration list for PBXNativeTarget "TranquilAppTests" */;
			buildPhases = (
				9F4423B2297BB28300E87DF2 /* Sources */,
				9F4423B3297BB28300E87DF2 /* Frameworks */,
				9F4423B4297BB28300E87DF2 /* Resources */,
			);
			buildRules = (
			);
			dependencies = (
				9F4423B8297BB28300E87DF2 /* PBXTargetDependency */,
			);
			name = TranquilAppTests;
			productName = TranquilAppTests;
			productReference = 9F4423B6297BB28300E87DF2 /* TranquilAppTests.xctest */;
			productType = "com.apple.product-type.bundle.unit-test";
		};
		9F4423BF297BB28300E87DF2 /* TranquilAppUITests */ = {
			isa = PBXNativeTarget;
			buildConfigurationList = 9F4423D0297BB28300E87DF2 /* Build configuration list for PBXNativeTarget "TranquilAppUITests" */;
			buildPhases = (
				9F4423BC297BB28300E87DF2 /* Sources */,
				9F4423BD297BB28300E87DF2 /* Frameworks */,
				9F4423BE297BB28300E87DF2 /* Resources */,
			);
			buildRules = (
			);
			dependencies = (
				9F4423C2297BB28300E87DF2 /* PBXTargetDependency */,
			);
			name = TranquilAppUITests;
			productName = TranquilAppUITests;
			productReference = 9F4423C0297BB28300E87DF2 /* TranquilAppUITests.xctest */;
			productType = "com.apple.product-type.bundle.ui-testing";
		};
/* End PBXNativeTarget section */

/* Begin PBXProject section */
		9F442398297BB28200E87DF2 /* Project object */ = {
			isa = PBXProject;
			attributes = {
				BuildIndependentTargetsInParallel = 1;
				LastSwiftUpdateCheck = 1420;
				LastUpgradeCheck = 1410;
				TargetAttributes = {
					55DFFC2929906DDB00729B3D = {
						CreatedOnToolsVersion = 14.2;
					};
					55DFFC3829906DDE00729B3D = {
						CreatedOnToolsVersion = 14.2;
						TestTargetID = 55DFFC2929906DDB00729B3D;
					};
					55DFFC4229906DDF00729B3D = {
						CreatedOnToolsVersion = 14.2;
						TestTargetID = 55DFFC2929906DDB00729B3D;
					};
					9F44239F297BB28200E87DF2 = {
						CreatedOnToolsVersion = 14.1;
					};
					9F4423B5297BB28300E87DF2 = {
						CreatedOnToolsVersion = 14.1;
						TestTargetID = 9F44239F297BB28200E87DF2;
					};
					9F4423BF297BB28300E87DF2 = {
						CreatedOnToolsVersion = 14.1;
						TestTargetID = 9F44239F297BB28200E87DF2;
					};
				};
			};
			buildConfigurationList = 9F44239B297BB28200E87DF2 /* Build configuration list for PBXProject "TranquilApp" */;
			compatibilityVersion = "Xcode 14.0";
			developmentRegion = en;
			hasScannedForEncodings = 0;
			knownRegions = (
				en,
				Base,
			);
			mainGroup = 9F442397297BB28200E87DF2;
			packageReferences = (
				F30BC471297F6D0200E340C1 /* XCRemoteSwiftPackageReference "SwiftPieChart" */,
			);
			productRefGroup = 9F4423A1297BB28200E87DF2 /* Products */;
			projectDirPath = "";
			projectRoot = "";
			targets = (
				9F44239F297BB28200E87DF2 /* TranquilApp */,
				9F4423B5297BB28300E87DF2 /* TranquilAppTests */,
				9F4423BF297BB28300E87DF2 /* TranquilAppUITests */,
				55DFFC2929906DDB00729B3D /* TranquilWatch Watch App */,
				55DFFC3829906DDE00729B3D /* TranquilWatch Watch AppTests */,
				55DFFC4229906DDF00729B3D /* TranquilWatch Watch AppUITests */,
			);
		};
/* End PBXProject section */

/* Begin PBXResourcesBuildPhase section */
		55DFFC2829906DDB00729B3D /* Resources */ = {
			isa = PBXResourcesBuildPhase;
			buildActionMask = 2147483647;
			files = (
				55DFFC3429906DDE00729B3D /* Preview Assets.xcassets in Resources */,
				55DFFC3129906DDE00729B3D /* Assets.xcassets in Resources */,
			);
			runOnlyForDeploymentPostprocessing = 0;
		};
		55DFFC3729906DDE00729B3D /* Resources */ = {
			isa = PBXResourcesBuildPhase;
			buildActionMask = 2147483647;
			files = (
			);
			runOnlyForDeploymentPostprocessing = 0;
		};
		55DFFC4129906DDF00729B3D /* Resources */ = {
			isa = PBXResourcesBuildPhase;
			buildActionMask = 2147483647;
			files = (
			);
			runOnlyForDeploymentPostprocessing = 0;
		};
		9F44239E297BB28200E87DF2 /* Resources */ = {
			isa = PBXResourcesBuildPhase;
			buildActionMask = 2147483647;
			files = (
				9F4423B0297BB28300E87DF2 /* LaunchScreen.storyboard in Resources */,
				9F4423AD297BB28300E87DF2 /* Assets.xcassets in Resources */,
				9F4423AB297BB28200E87DF2 /* Main.storyboard in Resources */,
			);
			runOnlyForDeploymentPostprocessing = 0;
		};
		9F4423B4297BB28300E87DF2 /* Resources */ = {
			isa = PBXResourcesBuildPhase;
			buildActionMask = 2147483647;
			files = (
			);
			runOnlyForDeploymentPostprocessing = 0;
		};
		9F4423BE297BB28300E87DF2 /* Resources */ = {
			isa = PBXResourcesBuildPhase;
			buildActionMask = 2147483647;
			files = (
			);
			runOnlyForDeploymentPostprocessing = 0;
		};
/* End PBXResourcesBuildPhase section */

/* Begin PBXSourcesBuildPhase section */
		55DFFC2629906DDB00729B3D /* Sources */ = {
			isa = PBXSourcesBuildPhase;
			buildActionMask = 2147483647;
			files = (
				55DFFC2F29906DDB00729B3D /* WatchView.swift in Sources */,
				55DFFC5B2990719500729B3D /* Persistence.swift in Sources */,
				55DFFC582990712100729B3D /* DataModels.xcdatamodeld in Sources */,
				55DFFC2D29906DDB00729B3D /* TranquilWatchApp.swift in Sources */,
			);
			runOnlyForDeploymentPostprocessing = 0;
		};
		55DFFC3529906DDE00729B3D /* Sources */ = {
			isa = PBXSourcesBuildPhase;
			buildActionMask = 2147483647;
			files = (
				55DFFC3E29906DDF00729B3D /* TranquilWatch_Watch_AppTests.swift in Sources */,
			);
			runOnlyForDeploymentPostprocessing = 0;
		};
		55DFFC3F29906DDF00729B3D /* Sources */ = {
			isa = PBXSourcesBuildPhase;
			buildActionMask = 2147483647;
			files = (
				55DFFC4A29906DDF00729B3D /* TranquilWatch_Watch_AppUITestsLaunchTests.swift in Sources */,
				55DFFC4829906DDF00729B3D /* TranquilWatch_Watch_AppUITests.swift in Sources */,
			);
			runOnlyForDeploymentPostprocessing = 0;
		};
		9F44239C297BB28200E87DF2 /* Sources */ = {
			isa = PBXSourcesBuildPhase;
			buildActionMask = 2147483647;
			files = (
				B3CF27142980C6E6002EF9F9 /* HomeView.swift in Sources */,
				B3CF271A2980C737002EF9F9 /* WeekdaysView.swift in Sources */,
				B3CF27102980C6AE002EF9F9 /* DayCellView.swift in Sources */,
				9F4423D7297BB3F400E87DF2 /* NotificationViewController.swift in Sources */,
				B3CF270E2980C697002EF9F9 /* ContentView.swift in Sources */,
				9FD70A5A29820EF10078AA30 /* Session.swift in Sources */,
				9FD70A4E29820E3D0078AA30 /* PageView.swift in Sources */,
				9F4423E2297BB89B00E87DF2 /* JournalViewController.swift in Sources */,
				B38186CD2980C5200083A4ED /* MultiLineTextField.swift in Sources */,
				B3CF27082980C5C9002EF9F9 /* EntryModelController.swift in Sources */,
				B38186C52980C4300083A4ED /* Helper.swift in Sources */,
				B38186CB2980C4FC0083A4ED /* SceneDelegate.swift in Sources */,
				9FD70A5729820EAB0078AA30 /* Landmark.swift in Sources */,
				9F4423E8297BC63400E87DF2 /* AIChatbotView.swift in Sources */,
				9F4423A8297BB28200E87DF2 /* ViewController.swift in Sources */,
				B3CF271E2980C785002EF9F9 /* Day.swift in Sources */,
				9F4423A4297BB28200E87DF2 /* AppDelegate.swift in Sources */,
				B3CF27202980C7A8002EF9F9 /* Month.swift in Sources */,
				B3CF271C2980C767002EF9F9 /* Colors.swift in Sources */,
				B3CF27122980C6C8002EF9F9 /* GridStack.swift in Sources */,
				B3CF27182980C710002EF9F9 /* EntryRowView.swift in Sources */,
				9F4423E6297BC41B00E87DF2 /* HistoryView.swift in Sources */,
				B3CF270A2980C653002EF9F9 /* AddEntryView.swift in Sources */,
				9FD70A5229820E6B0078AA30 /* PageControl.swift in Sources */,
				55DFFC5A2990719500729B3D /* Persistence.swift in Sources */,
				9FD70A5F2988948D0078AA30 /* ExerciseModelData.swift in Sources */,
				55DFFC572990712100729B3D /* DataModels.xcdatamodeld in Sources */,
				9F4423D5297BB3B200E87DF2 /* BreathingViewController.swift in Sources */,
				B3CF270C2980C677002EF9F9 /* CalendarView.swift in Sources */,
				9F4423EA297BC67900E87DF2 /* BotResponse.swift in Sources */,
				B3CF27222980C7C6002EF9F9 /* Entry.swift in Sources */,
				9FD70A5029820E510078AA30 /* PageViewController.swift in Sources */,
				9F4423DE297BB87D00E87DF2 /* HistoryViewController.swift in Sources */,
				9F4423E0297BB88C00E87DF2 /* AIChatbotViewController.swift in Sources */,
				B3CF27162980C6FA002EF9F9 /* MonthView.swift in Sources */,
			);
			runOnlyForDeploymentPostprocessing = 0;
		};
		9F4423B2297BB28300E87DF2 /* Sources */ = {
			isa = PBXSourcesBuildPhase;
			buildActionMask = 2147483647;
			files = (
				9F4423BB297BB28300E87DF2 /* TranquilAppTests.swift in Sources */,
			);
			runOnlyForDeploymentPostprocessing = 0;
		};
		9F4423BC297BB28300E87DF2 /* Sources */ = {
			isa = PBXSourcesBuildPhase;
			buildActionMask = 2147483647;
			files = (
				9F4423C7297BB28300E87DF2 /* TranquilAppUITestsLaunchTests.swift in Sources */,
				9F4423C5297BB28300E87DF2 /* TranquilAppUITests.swift in Sources */,
			);
			runOnlyForDeploymentPostprocessing = 0;
		};
/* End PBXSourcesBuildPhase section */

/* Begin PBXTargetDependency section */
		55DFFC3B29906DDE00729B3D /* PBXTargetDependency */ = {
			isa = PBXTargetDependency;
			target = 55DFFC2929906DDB00729B3D /* TranquilWatch Watch App */;
			targetProxy = 55DFFC3A29906DDE00729B3D /* PBXContainerItemProxy */;
		};
		55DFFC4529906DDF00729B3D /* PBXTargetDependency */ = {
			isa = PBXTargetDependency;
			target = 55DFFC2929906DDB00729B3D /* TranquilWatch Watch App */;
			targetProxy = 55DFFC4429906DDF00729B3D /* PBXContainerItemProxy */;
		};
		9F4423B8297BB28300E87DF2 /* PBXTargetDependency */ = {
			isa = PBXTargetDependency;
			target = 9F44239F297BB28200E87DF2 /* TranquilApp */;
			targetProxy = 9F4423B7297BB28300E87DF2 /* PBXContainerItemProxy */;
		};
		9F4423C2297BB28300E87DF2 /* PBXTargetDependency */ = {
			isa = PBXTargetDependency;
			target = 9F44239F297BB28200E87DF2 /* TranquilApp */;
			targetProxy = 9F4423C1297BB28300E87DF2 /* PBXContainerItemProxy */;
		};
/* End PBXTargetDependency section */

/* Begin PBXVariantGroup section */
		9F4423A9297BB28200E87DF2 /* Main.storyboard */ = {
			isa = PBXVariantGroup;
			children = (
				9F4423AA297BB28200E87DF2 /* Base */,
			);
			name = Main.storyboard;
			sourceTree = "<group>";
		};
		9F4423AE297BB28300E87DF2 /* LaunchScreen.storyboard */ = {
			isa = PBXVariantGroup;
			children = (
				9F4423AF297BB28300E87DF2 /* Base */,
			);
			name = LaunchScreen.storyboard;
			sourceTree = "<group>";
		};
/* End PBXVariantGroup section */

/* Begin XCBuildConfiguration section */
		55DFFC4B29906DDF00729B3D /* Debug */ = {
			isa = XCBuildConfiguration;
			buildSettings = {
				ASSETCATALOG_COMPILER_APPICON_NAME = AppIcon;
				ASSETCATALOG_COMPILER_GLOBAL_ACCENT_COLOR_NAME = AccentColor;
				CODE_SIGN_ENTITLEMENTS = "TranquilWatch Watch App/TranquilWatch Watch App.entitlements";
				CODE_SIGN_STYLE = Automatic;
				CURRENT_PROJECT_VERSION = 1;
				DEVELOPMENT_ASSET_PATHS = "\"TranquilWatch Watch App/Preview Content\"";
				DEVELOPMENT_TEAM = H8ZD339FFM;
				ENABLE_PREVIEWS = YES;
				GENERATE_INFOPLIST_FILE = YES;
				INFOPLIST_FILE = "TranquilWatch-Watch-App-Info.plist";
				INFOPLIST_KEY_CFBundleDisplayName = TranquilWatch;
				INFOPLIST_KEY_NSHealthClinicalHealthRecordsShareUsageDescription = "using to measure anxieties";
				INFOPLIST_KEY_NSHealthShareUsageDescription = "using to measure anxieties";
				INFOPLIST_KEY_NSHealthUpdateUsageDescription = "using to measure anxieties";
				INFOPLIST_KEY_UISupportedInterfaceOrientations = "UIInterfaceOrientationPortrait UIInterfaceOrientationPortraitUpsideDown";
				INFOPLIST_KEY_WKCompanionAppBundleIdentifier = com.ucsb.Tranquil;
				LD_RUNPATH_SEARCH_PATHS = (
					"$(inherited)",
					"@executable_path/Frameworks",
				);
				MARKETING_VERSION = 1.0;
				PRODUCT_BUNDLE_IDENTIFIER = com.ucsb.Tranquil.watchkitapp;
				PRODUCT_NAME = "$(TARGET_NAME)";
				SDKROOT = watchos;
				SKIP_INSTALL = YES;
				SWIFT_EMIT_LOC_STRINGS = YES;
				SWIFT_VERSION = 5.0;
				TARGETED_DEVICE_FAMILY = 4;
				WATCHOS_DEPLOYMENT_TARGET = 9.1;
			};
			name = Debug;
		};
		55DFFC4C29906DDF00729B3D /* Release */ = {
			isa = XCBuildConfiguration;
			buildSettings = {
				ASSETCATALOG_COMPILER_APPICON_NAME = AppIcon;
				ASSETCATALOG_COMPILER_GLOBAL_ACCENT_COLOR_NAME = AccentColor;
				CODE_SIGN_ENTITLEMENTS = "TranquilWatch Watch App/TranquilWatch Watch App.entitlements";
				CODE_SIGN_STYLE = Automatic;
				CURRENT_PROJECT_VERSION = 1;
				DEVELOPMENT_ASSET_PATHS = "\"TranquilWatch Watch App/Preview Content\"";
				DEVELOPMENT_TEAM = H8ZD339FFM;
				ENABLE_PREVIEWS = YES;
				GENERATE_INFOPLIST_FILE = YES;
				INFOPLIST_FILE = "TranquilWatch-Watch-App-Info.plist";
				INFOPLIST_KEY_CFBundleDisplayName = TranquilWatch;
				INFOPLIST_KEY_NSHealthClinicalHealthRecordsShareUsageDescription = "using to measure anxieties";
				INFOPLIST_KEY_NSHealthShareUsageDescription = "using to measure anxieties";
				INFOPLIST_KEY_NSHealthUpdateUsageDescription = "using to measure anxieties";
				INFOPLIST_KEY_UISupportedInterfaceOrientations = "UIInterfaceOrientationPortrait UIInterfaceOrientationPortraitUpsideDown";
				INFOPLIST_KEY_WKCompanionAppBundleIdentifier = com.ucsb.Tranquil;
				LD_RUNPATH_SEARCH_PATHS = (
					"$(inherited)",
					"@executable_path/Frameworks",
				);
				MARKETING_VERSION = 1.0;
				PRODUCT_BUNDLE_IDENTIFIER = com.ucsb.Tranquil.watchkitapp;
				PRODUCT_NAME = "$(TARGET_NAME)";
				SDKROOT = watchos;
				SKIP_INSTALL = YES;
				SWIFT_EMIT_LOC_STRINGS = YES;
				SWIFT_VERSION = 5.0;
				TARGETED_DEVICE_FAMILY = 4;
				WATCHOS_DEPLOYMENT_TARGET = 9.1;
			};
			name = Release;
		};
		55DFFC4D29906DDF00729B3D /* Debug */ = {
			isa = XCBuildConfiguration;
			buildSettings = {
				ALWAYS_EMBED_SWIFT_STANDARD_LIBRARIES = YES;
				BUNDLE_LOADER = "$(TEST_HOST)";
				CODE_SIGN_STYLE = Automatic;
				CURRENT_PROJECT_VERSION = 1;
				DEVELOPMENT_TEAM = H8ZD339FFM;
				GENERATE_INFOPLIST_FILE = YES;
				MARKETING_VERSION = 1.0;
				PRODUCT_BUNDLE_IDENTIFIER = "com.ucsb.Tranquil2Watch-Watch-AppTests";
				PRODUCT_NAME = "$(TARGET_NAME)";
				SDKROOT = watchos;
				SWIFT_EMIT_LOC_STRINGS = NO;
				SWIFT_VERSION = 5.0;
				TARGETED_DEVICE_FAMILY = 4;
				TEST_HOST = "$(BUILT_PRODUCTS_DIR)/TranquilWatch Watch App.app/$(BUNDLE_EXECUTABLE_FOLDER_PATH)/TranquilWatch Watch App";
				WATCHOS_DEPLOYMENT_TARGET = 9.1;
			};
			name = Debug;
		};
		55DFFC4E29906DDF00729B3D /* Release */ = {
			isa = XCBuildConfiguration;
			buildSettings = {
				ALWAYS_EMBED_SWIFT_STANDARD_LIBRARIES = YES;
				BUNDLE_LOADER = "$(TEST_HOST)";
				CODE_SIGN_STYLE = Automatic;
				CURRENT_PROJECT_VERSION = 1;
				DEVELOPMENT_TEAM = H8ZD339FFM;
				GENERATE_INFOPLIST_FILE = YES;
				MARKETING_VERSION = 1.0;
				PRODUCT_BUNDLE_IDENTIFIER = "com.ucsb.Tranquil2Watch-Watch-AppTests";
				PRODUCT_NAME = "$(TARGET_NAME)";
				SDKROOT = watchos;
				SWIFT_EMIT_LOC_STRINGS = NO;
				SWIFT_VERSION = 5.0;
				TARGETED_DEVICE_FAMILY = 4;
				TEST_HOST = "$(BUILT_PRODUCTS_DIR)/TranquilWatch Watch App.app/$(BUNDLE_EXECUTABLE_FOLDER_PATH)/TranquilWatch Watch App";
				WATCHOS_DEPLOYMENT_TARGET = 9.1;
			};
			name = Release;
		};
		55DFFC4F29906DDF00729B3D /* Debug */ = {
			isa = XCBuildConfiguration;
			buildSettings = {
				ALWAYS_EMBED_SWIFT_STANDARD_LIBRARIES = YES;
				CODE_SIGN_STYLE = Automatic;
				CURRENT_PROJECT_VERSION = 1;
				DEVELOPMENT_TEAM = H8ZD339FFM;
				GENERATE_INFOPLIST_FILE = YES;
				MARKETING_VERSION = 1.0;
				PRODUCT_BUNDLE_IDENTIFIER = "com.ucsb.Tranquil2Watch-Watch-AppUITests";
				PRODUCT_NAME = "$(TARGET_NAME)";
				SDKROOT = watchos;
				SWIFT_EMIT_LOC_STRINGS = NO;
				SWIFT_VERSION = 5.0;
				TARGETED_DEVICE_FAMILY = 4;
				TEST_TARGET_NAME = "TranquilWatch Watch App";
				WATCHOS_DEPLOYMENT_TARGET = 9.1;
			};
			name = Debug;
		};
		55DFFC5029906DDF00729B3D /* Release */ = {
			isa = XCBuildConfiguration;
			buildSettings = {
				ALWAYS_EMBED_SWIFT_STANDARD_LIBRARIES = YES;
				CODE_SIGN_STYLE = Automatic;
				CURRENT_PROJECT_VERSION = 1;
				DEVELOPMENT_TEAM = H8ZD339FFM;
				GENERATE_INFOPLIST_FILE = YES;
				MARKETING_VERSION = 1.0;
				PRODUCT_BUNDLE_IDENTIFIER = "com.ucsb.Tranquil2Watch-Watch-AppUITests";
				PRODUCT_NAME = "$(TARGET_NAME)";
				SDKROOT = watchos;
				SWIFT_EMIT_LOC_STRINGS = NO;
				SWIFT_VERSION = 5.0;
				TARGETED_DEVICE_FAMILY = 4;
				TEST_TARGET_NAME = "TranquilWatch Watch App";
				WATCHOS_DEPLOYMENT_TARGET = 9.1;
			};
			name = Release;
		};
		9F4423C8297BB28300E87DF2 /* Debug */ = {
			isa = XCBuildConfiguration;
			buildSettings = {
				ALWAYS_SEARCH_USER_PATHS = NO;
				CLANG_ANALYZER_NONNULL = YES;
				CLANG_ANALYZER_NUMBER_OBJECT_CONVERSION = YES_AGGRESSIVE;
				CLANG_CXX_LANGUAGE_STANDARD = "gnu++20";
				CLANG_ENABLE_MODULES = YES;
				CLANG_ENABLE_OBJC_ARC = YES;
				CLANG_ENABLE_OBJC_WEAK = YES;
				CLANG_WARN_BLOCK_CAPTURE_AUTORELEASING = YES;
				CLANG_WARN_BOOL_CONVERSION = YES;
				CLANG_WARN_COMMA = YES;
				CLANG_WARN_CONSTANT_CONVERSION = YES;
				CLANG_WARN_DEPRECATED_OBJC_IMPLEMENTATIONS = YES;
				CLANG_WARN_DIRECT_OBJC_ISA_USAGE = YES_ERROR;
				CLANG_WARN_DOCUMENTATION_COMMENTS = YES;
				CLANG_WARN_EMPTY_BODY = YES;
				CLANG_WARN_ENUM_CONVERSION = YES;
				CLANG_WARN_INFINITE_RECURSION = YES;
				CLANG_WARN_INT_CONVERSION = YES;
				CLANG_WARN_NON_LITERAL_NULL_CONVERSION = YES;
				CLANG_WARN_OBJC_IMPLICIT_RETAIN_SELF = YES;
				CLANG_WARN_OBJC_LITERAL_CONVERSION = YES;
				CLANG_WARN_OBJC_ROOT_CLASS = YES_ERROR;
				CLANG_WARN_QUOTED_INCLUDE_IN_FRAMEWORK_HEADER = YES;
				CLANG_WARN_RANGE_LOOP_ANALYSIS = YES;
				CLANG_WARN_STRICT_PROTOTYPES = YES;
				CLANG_WARN_SUSPICIOUS_MOVE = YES;
				CLANG_WARN_UNGUARDED_AVAILABILITY = YES_AGGRESSIVE;
				CLANG_WARN_UNREACHABLE_CODE = YES;
				CLANG_WARN__DUPLICATE_METHOD_MATCH = YES;
				COPY_PHASE_STRIP = NO;
				DEBUG_INFORMATION_FORMAT = dwarf;
				ENABLE_STRICT_OBJC_MSGSEND = YES;
				ENABLE_TESTABILITY = YES;
				GCC_C_LANGUAGE_STANDARD = gnu11;
				GCC_DYNAMIC_NO_PIC = NO;
				GCC_NO_COMMON_BLOCKS = YES;
				GCC_OPTIMIZATION_LEVEL = 0;
				GCC_PREPROCESSOR_DEFINITIONS = (
					"DEBUG=1",
					"$(inherited)",
				);
				GCC_WARN_64_TO_32_BIT_CONVERSION = YES;
				GCC_WARN_ABOUT_RETURN_TYPE = YES_ERROR;
				GCC_WARN_UNDECLARED_SELECTOR = YES;
				GCC_WARN_UNINITIALIZED_AUTOS = YES_AGGRESSIVE;
				GCC_WARN_UNUSED_FUNCTION = YES;
				GCC_WARN_UNUSED_VARIABLE = YES;
				IPHONEOS_DEPLOYMENT_TARGET = 16.1;
				MTL_ENABLE_DEBUG_INFO = INCLUDE_SOURCE;
				MTL_FAST_MATH = YES;
				ONLY_ACTIVE_ARCH = YES;
				SDKROOT = iphoneos;
				SWIFT_ACTIVE_COMPILATION_CONDITIONS = DEBUG;
				SWIFT_OPTIMIZATION_LEVEL = "-Onone";
			};
			name = Debug;
		};
		9F4423C9297BB28300E87DF2 /* Release */ = {
			isa = XCBuildConfiguration;
			buildSettings = {
				ALWAYS_SEARCH_USER_PATHS = NO;
				CLANG_ANALYZER_NONNULL = YES;
				CLANG_ANALYZER_NUMBER_OBJECT_CONVERSION = YES_AGGRESSIVE;
				CLANG_CXX_LANGUAGE_STANDARD = "gnu++20";
				CLANG_ENABLE_MODULES = YES;
				CLANG_ENABLE_OBJC_ARC = YES;
				CLANG_ENABLE_OBJC_WEAK = YES;
				CLANG_WARN_BLOCK_CAPTURE_AUTORELEASING = YES;
				CLANG_WARN_BOOL_CONVERSION = YES;
				CLANG_WARN_COMMA = YES;
				CLANG_WARN_CONSTANT_CONVERSION = YES;
				CLANG_WARN_DEPRECATED_OBJC_IMPLEMENTATIONS = YES;
				CLANG_WARN_DIRECT_OBJC_ISA_USAGE = YES_ERROR;
				CLANG_WARN_DOCUMENTATION_COMMENTS = YES;
				CLANG_WARN_EMPTY_BODY = YES;
				CLANG_WARN_ENUM_CONVERSION = YES;
				CLANG_WARN_INFINITE_RECURSION = YES;
				CLANG_WARN_INT_CONVERSION = YES;
				CLANG_WARN_NON_LITERAL_NULL_CONVERSION = YES;
				CLANG_WARN_OBJC_IMPLICIT_RETAIN_SELF = YES;
				CLANG_WARN_OBJC_LITERAL_CONVERSION = YES;
				CLANG_WARN_OBJC_ROOT_CLASS = YES_ERROR;
				CLANG_WARN_QUOTED_INCLUDE_IN_FRAMEWORK_HEADER = YES;
				CLANG_WARN_RANGE_LOOP_ANALYSIS = YES;
				CLANG_WARN_STRICT_PROTOTYPES = YES;
				CLANG_WARN_SUSPICIOUS_MOVE = YES;
				CLANG_WARN_UNGUARDED_AVAILABILITY = YES_AGGRESSIVE;
				CLANG_WARN_UNREACHABLE_CODE = YES;
				CLANG_WARN__DUPLICATE_METHOD_MATCH = YES;
				COPY_PHASE_STRIP = NO;
				DEBUG_INFORMATION_FORMAT = "dwarf-with-dsym";
				ENABLE_NS_ASSERTIONS = NO;
				ENABLE_STRICT_OBJC_MSGSEND = YES;
				GCC_C_LANGUAGE_STANDARD = gnu11;
				GCC_NO_COMMON_BLOCKS = YES;
				GCC_WARN_64_TO_32_BIT_CONVERSION = YES;
				GCC_WARN_ABOUT_RETURN_TYPE = YES_ERROR;
				GCC_WARN_UNDECLARED_SELECTOR = YES;
				GCC_WARN_UNINITIALIZED_AUTOS = YES_AGGRESSIVE;
				GCC_WARN_UNUSED_FUNCTION = YES;
				GCC_WARN_UNUSED_VARIABLE = YES;
				IPHONEOS_DEPLOYMENT_TARGET = 16.1;
				MTL_ENABLE_DEBUG_INFO = NO;
				MTL_FAST_MATH = YES;
				SDKROOT = iphoneos;
				SWIFT_COMPILATION_MODE = wholemodule;
				SWIFT_OPTIMIZATION_LEVEL = "-O";
				VALIDATE_PRODUCT = YES;
			};
			name = Release;
		};
		9F4423CB297BB28300E87DF2 /* Debug */ = {
			isa = XCBuildConfiguration;
			buildSettings = {
				ASSETCATALOG_COMPILER_APPICON_NAME = AppIcon;
				ASSETCATALOG_COMPILER_GLOBAL_ACCENT_COLOR_NAME = AccentColor;
				CODE_SIGN_ENTITLEMENTS = TranquilApp/TranquilApp.entitlements;
				CODE_SIGN_STYLE = Automatic;
				CURRENT_PROJECT_VERSION = 1;
				DEVELOPMENT_TEAM = H8ZD339FFM;
				GENERATE_INFOPLIST_FILE = YES;
				INFOPLIST_FILE = TranquilApp/Info.plist;
				INFOPLIST_KEY_UIApplicationSupportsIndirectInputEvents = YES;
				INFOPLIST_KEY_UILaunchStoryboardName = LaunchScreen;
				INFOPLIST_KEY_UIMainStoryboardFile = Main;
				INFOPLIST_KEY_UISupportedInterfaceOrientations_iPad = "UIInterfaceOrientationPortrait UIInterfaceOrientationPortraitUpsideDown UIInterfaceOrientationLandscapeLeft UIInterfaceOrientationLandscapeRight";
				INFOPLIST_KEY_UISupportedInterfaceOrientations_iPhone = "UIInterfaceOrientationPortrait UIInterfaceOrientationLandscapeLeft UIInterfaceOrientationLandscapeRight";
				LD_RUNPATH_SEARCH_PATHS = (
					"$(inherited)",
					"@executable_path/Frameworks",
				);
				MARKETING_VERSION = 1.0;
				PRODUCT_BUNDLE_IDENTIFIER = com.ucsb.Tranquil;
				PRODUCT_NAME = "$(TARGET_NAME)";
				SWIFT_EMIT_LOC_STRINGS = YES;
				SWIFT_VERSION = 5.0;
				TARGETED_DEVICE_FAMILY = "1,2";
			};
			name = Debug;
		};
		9F4423CC297BB28300E87DF2 /* Release */ = {
			isa = XCBuildConfiguration;
			buildSettings = {
				ASSETCATALOG_COMPILER_APPICON_NAME = AppIcon;
				ASSETCATALOG_COMPILER_GLOBAL_ACCENT_COLOR_NAME = AccentColor;
				CODE_SIGN_ENTITLEMENTS = TranquilApp/TranquilApp.entitlements;
				CODE_SIGN_STYLE = Automatic;
				CURRENT_PROJECT_VERSION = 1;
				DEVELOPMENT_TEAM = H8ZD339FFM;
				GENERATE_INFOPLIST_FILE = YES;
				INFOPLIST_FILE = TranquilApp/Info.plist;
				INFOPLIST_KEY_UIApplicationSupportsIndirectInputEvents = YES;
				INFOPLIST_KEY_UILaunchStoryboardName = LaunchScreen;
				INFOPLIST_KEY_UIMainStoryboardFile = Main;
				INFOPLIST_KEY_UISupportedInterfaceOrientations_iPad = "UIInterfaceOrientationPortrait UIInterfaceOrientationPortraitUpsideDown UIInterfaceOrientationLandscapeLeft UIInterfaceOrientationLandscapeRight";
				INFOPLIST_KEY_UISupportedInterfaceOrientations_iPhone = "UIInterfaceOrientationPortrait UIInterfaceOrientationLandscapeLeft UIInterfaceOrientationLandscapeRight";
				LD_RUNPATH_SEARCH_PATHS = (
					"$(inherited)",
					"@executable_path/Frameworks",
				);
				MARKETING_VERSION = 1.0;
				PRODUCT_BUNDLE_IDENTIFIER = com.ucsb.Tranquil;
				PRODUCT_NAME = "$(TARGET_NAME)";
				SWIFT_EMIT_LOC_STRINGS = YES;
				SWIFT_VERSION = 5.0;
				TARGETED_DEVICE_FAMILY = "1,2";
			};
			name = Release;
		};
		9F4423CE297BB28300E87DF2 /* Debug */ = {
			isa = XCBuildConfiguration;
			buildSettings = {
				ALWAYS_EMBED_SWIFT_STANDARD_LIBRARIES = YES;
				BUNDLE_LOADER = "$(TEST_HOST)";
				CODE_SIGN_STYLE = Automatic;
				CURRENT_PROJECT_VERSION = 1;
				DEVELOPMENT_TEAM = 5Y6HST6U6C;
				GENERATE_INFOPLIST_FILE = YES;
				IPHONEOS_DEPLOYMENT_TARGET = 16.1;
				MARKETING_VERSION = 1.0;
				PRODUCT_BUNDLE_IDENTIFIER = com.ucsb.Tranquil2Tests;
				PRODUCT_NAME = "$(TARGET_NAME)";
				SWIFT_EMIT_LOC_STRINGS = NO;
				SWIFT_VERSION = 5.0;
				TARGETED_DEVICE_FAMILY = "1,2";
				TEST_HOST = "$(BUILT_PRODUCTS_DIR)/TranquilApp.app/$(BUNDLE_EXECUTABLE_FOLDER_PATH)/TranquilApp";
			};
			name = Debug;
		};
		9F4423CF297BB28300E87DF2 /* Release */ = {
			isa = XCBuildConfiguration;
			buildSettings = {
				ALWAYS_EMBED_SWIFT_STANDARD_LIBRARIES = YES;
				BUNDLE_LOADER = "$(TEST_HOST)";
				CODE_SIGN_STYLE = Automatic;
				CURRENT_PROJECT_VERSION = 1;
				DEVELOPMENT_TEAM = 5Y6HST6U6C;
				GENERATE_INFOPLIST_FILE = YES;
				IPHONEOS_DEPLOYMENT_TARGET = 16.1;
				MARKETING_VERSION = 1.0;
				PRODUCT_BUNDLE_IDENTIFIER = com.ucsb.Tranquil2Tests;
				PRODUCT_NAME = "$(TARGET_NAME)";
				SWIFT_EMIT_LOC_STRINGS = NO;
				SWIFT_VERSION = 5.0;
				TARGETED_DEVICE_FAMILY = "1,2";
				TEST_HOST = "$(BUILT_PRODUCTS_DIR)/TranquilApp.app/$(BUNDLE_EXECUTABLE_FOLDER_PATH)/TranquilApp";
			};
			name = Release;
		};
		9F4423D1297BB28300E87DF2 /* Debug */ = {
			isa = XCBuildConfiguration;
			buildSettings = {
				ALWAYS_EMBED_SWIFT_STANDARD_LIBRARIES = YES;
				CODE_SIGN_STYLE = Automatic;
				CURRENT_PROJECT_VERSION = 1;
				DEVELOPMENT_TEAM = 5Y6HST6U6C;
				GENERATE_INFOPLIST_FILE = YES;
				MARKETING_VERSION = 1.0;
				PRODUCT_BUNDLE_IDENTIFIER = com.ucsb.Tranquil2UITests;
				PRODUCT_NAME = "$(TARGET_NAME)";
				SWIFT_EMIT_LOC_STRINGS = NO;
				SWIFT_VERSION = 5.0;
				TARGETED_DEVICE_FAMILY = "1,2";
				TEST_TARGET_NAME = TranquilApp;
			};
			name = Debug;
		};
		9F4423D2297BB28300E87DF2 /* Release */ = {
			isa = XCBuildConfiguration;
			buildSettings = {
				ALWAYS_EMBED_SWIFT_STANDARD_LIBRARIES = YES;
				CODE_SIGN_STYLE = Automatic;
				CURRENT_PROJECT_VERSION = 1;
				DEVELOPMENT_TEAM = 5Y6HST6U6C;
				GENERATE_INFOPLIST_FILE = YES;
				MARKETING_VERSION = 1.0;
				PRODUCT_BUNDLE_IDENTIFIER = com.ucsb.Tranquil2UITests;
				PRODUCT_NAME = "$(TARGET_NAME)";
				SWIFT_EMIT_LOC_STRINGS = NO;
				SWIFT_VERSION = 5.0;
				TARGETED_DEVICE_FAMILY = "1,2";
				TEST_TARGET_NAME = TranquilApp;
			};
			name = Release;
		};
/* End XCBuildConfiguration section */

/* Begin XCConfigurationList section */
		55DFFC5129906DDF00729B3D /* Build configuration list for PBXNativeTarget "TranquilWatch Watch App" */ = {
			isa = XCConfigurationList;
			buildConfigurations = (
				55DFFC4B29906DDF00729B3D /* Debug */,
				55DFFC4C29906DDF00729B3D /* Release */,
			);
			defaultConfigurationIsVisible = 0;
			defaultConfigurationName = Release;
		};
		55DFFC5229906DDF00729B3D /* Build configuration list for PBXNativeTarget "TranquilWatch Watch AppTests" */ = {
			isa = XCConfigurationList;
			buildConfigurations = (
				55DFFC4D29906DDF00729B3D /* Debug */,
				55DFFC4E29906DDF00729B3D /* Release */,
			);
			defaultConfigurationIsVisible = 0;
			defaultConfigurationName = Release;
		};
		55DFFC5329906DDF00729B3D /* Build configuration list for PBXNativeTarget "TranquilWatch Watch AppUITests" */ = {
			isa = XCConfigurationList;
			buildConfigurations = (
				55DFFC4F29906DDF00729B3D /* Debug */,
				55DFFC5029906DDF00729B3D /* Release */,
			);
			defaultConfigurationIsVisible = 0;
			defaultConfigurationName = Release;
		};
		9F44239B297BB28200E87DF2 /* Build configuration list for PBXProject "TranquilApp" */ = {
			isa = XCConfigurationList;
			buildConfigurations = (
				9F4423C8297BB28300E87DF2 /* Debug */,
				9F4423C9297BB28300E87DF2 /* Release */,
			);
			defaultConfigurationIsVisible = 0;
			defaultConfigurationName = Release;
		};
		9F4423CA297BB28300E87DF2 /* Build configuration list for PBXNativeTarget "TranquilApp" */ = {
			isa = XCConfigurationList;
			buildConfigurations = (
				9F4423CB297BB28300E87DF2 /* Debug */,
				9F4423CC297BB28300E87DF2 /* Release */,
			);
			defaultConfigurationIsVisible = 0;
			defaultConfigurationName = Release;
		};
		9F4423CD297BB28300E87DF2 /* Build configuration list for PBXNativeTarget "TranquilAppTests" */ = {
			isa = XCConfigurationList;
			buildConfigurations = (
				9F4423CE297BB28300E87DF2 /* Debug */,
				9F4423CF297BB28300E87DF2 /* Release */,
			);
			defaultConfigurationIsVisible = 0;
			defaultConfigurationName = Release;
		};
		9F4423D0297BB28300E87DF2 /* Build configuration list for PBXNativeTarget "TranquilAppUITests" */ = {
			isa = XCConfigurationList;
			buildConfigurations = (
				9F4423D1297BB28300E87DF2 /* Debug */,
				9F4423D2297BB28300E87DF2 /* Release */,
			);
			defaultConfigurationIsVisible = 0;
			defaultConfigurationName = Release;
		};
/* End XCConfigurationList section */

/* Begin XCRemoteSwiftPackageReference section */
		F30BC471297F6D0200E340C1 /* XCRemoteSwiftPackageReference "SwiftPieChart" */ = {
			isa = XCRemoteSwiftPackageReference;
			repositoryURL = "https://github.com/ilamanov/SwiftPieChart.git";
			requirement = {
				branch = main;
				kind = branch;
			};
		};
/* End XCRemoteSwiftPackageReference section */

/* Begin XCSwiftPackageProductDependency section */
		F30BC472297F6D0200E340C1 /* SwiftPieChart */ = {
			isa = XCSwiftPackageProductDependency;
			package = F30BC471297F6D0200E340C1 /* XCRemoteSwiftPackageReference "SwiftPieChart" */;
			productName = SwiftPieChart;
		};
/* End XCSwiftPackageProductDependency section */

/* Begin XCVersionGroup section */
		55DFFC552990712100729B3D /* DataModels.xcdatamodeld */ = {
			isa = XCVersionGroup;
			children = (
				55DFFC562990712100729B3D /* DataModels.xcdatamodel */,
			);
			currentVersion = 55DFFC562990712100729B3D /* DataModels.xcdatamodel */;
			path = DataModels.xcdatamodeld;
			sourceTree = "<group>";
			versionGroupType = wrapper.xcdatamodel;
		};
/* End XCVersionGroup section */
	};
	rootObject = 9F442398297BB28200E87DF2 /* Project object */;
}
