{
  "pins" : [
    {
      "identity" : "alamofire",
      "kind" : "remoteSourceControl",
      "location" : "https://github.com/Alamofire/Alamofire.git",
      "state" : {
        "branch" : "master",
        "revision" : "337b29a49fb05d687e9c5d2035c75d868bf6363a"
      }
    },
    {
      "identity" : "swiftpiechart",
      "kind" : "remoteSourceControl",
      "location" : "https://github.com/ilamanov/SwiftPieChart.git",
      "state" : {
        "branch" : "main",
        "revision" : "2b748448a6ddf7e225e4a40939f2bfa1d604940d"
      }
    }
  ],
  "version" : 2
}
